
Microsoft Visual Studio Solution File, Format Version 12.00
# Visual Studio Version 16
VisualStudioVersion = 16.0.30907.101
MinimumVisualStudioVersion = 10.0.40219.1
Project("{FAE04EC0-301F-11D3-BF4B-00C04F79EFBC}") = "giocodellelampadine", "giocodellelampadine.csproj", "{9C86FFB2-9293-40BD-9139-BD64F9F22695}"
EndProject
Global
	GlobalSection(SolutionConfigurationPlatforms) = preSolution
		Debug|Any CPU = Debug|Any CPU
		Release|Any CPU = Release|Any CPU
	EndGlobalSection
	GlobalSection(ProjectConfigurationPlatforms) = postSolution
		{9C86FFB2-9293-40BD-9139-BD64F9F22695}.Debug|Any CPU.ActiveCfg = Debug|Any CPU
		{9C86FFB2-9293-40BD-9139-BD64F9F22695}.Debug|Any CPU.Build.0 = Debug|Any CPU
		{9C86FFB2-9293-40BD-9139-BD64F9F22695}.Release|Any CPU.ActiveCfg = Release|Any CPU
		{9C86FFB2-9293-40BD-9139-BD64F9F22695}.Release|Any CPU.Build.0 = Release|Any CPU
	EndGlobalSection
	GlobalSection(SolutionProperties) = preSolution
		HideSolutionNode = FALSE
	EndGlobalSection
	GlobalSection(ExtensibilityGlobals) = postSolution
		SolutionGuid = {56CD2607-4D8A-43E1-9198-42CEA0B91191}
	EndGlobalSection
EndGlobal
